{
  "version": 1,
  "dependencies": {
    "net7.0": {
      "PowerUtils.Globalization": {
        "type": "Direct",
        "requested": "[1.2.0, )",
        "resolved": "1.2.0",
        "contentHash": "KQ+jAyouRSRt/IzRI0ehf/5KSu9yNF4g7rANy5aNuWtasm02UiPQy/0kp8qT4mvH/hz5FXRSQtBRv0E8H/JgBQ=="
      }
    }
  }
}